<?xml version="1.0" encoding="UTF-8"?>
<Scheme
   LastUpgradeVersion = "1430"
   version = "1.7">
   <BuildAction
      parallelizeBuildables = "YES"
      buildImplicitDependencies = "YES"
      runPostActionsOnFailure = "NO">
      <BuildActionEntries>
         <BuildActionEntry
            buildForTesting = "YES"
            buildForRunning = "YES"
            buildForProfiling = "YES"
            buildForArchiving = "YES"
            buildForAnalyzing = "YES">
            <BuildableReference
               BuildableIdentifier = "primary"
               BlueprintIdentifier = "5697EA5FCA26B026A93C1E2B"
               BuildableName = "UniSpace.app"
               BlueprintName = "UniSpace"
               ReferencedContainer = "container:UniSpace.xcodeproj">
            </BuildableReference>
         </BuildActionEntry>
         <BuildActionEntry
            buildForTesting = "YES"
            buildForRunning = "NO"
            buildForProfiling = "NO"
            buildForArchiving = "NO"
            buildForAnalyzing = "NO">
            <BuildableReference
               BuildableIdentifier = "primary"
               BlueprintIdentifier = "6BAE33DC4609458DCD50753E"
               BuildableName = "UniSpaceApplicationTests.xctest"
               BlueprintName = "UniSpaceApplicationTests"
               ReferencedContainer = "container:UniSpace.xcodeproj">
            </BuildableReference>
         </BuildActionEntry>
         <BuildActionEntry
            buildForTesting = "YES"
            buildForRunning = "NO"
            buildForProfiling = "NO"
            buildForArchiving = "NO"
            buildForAnalyzing = "NO">
            <BuildableReference
               BuildableIdentifier = "primary"
               BlueprintIdentifier = "4404EE2F0EF89BE0132AA1DC"
               BuildableName = "UniSpaceDomainTests.xctest"
               BlueprintName = "UniSpaceDomainTests"
               ReferencedContainer = "container:UniSpace.xcodeproj">
            </BuildableReference>
         </BuildActionEntry>
         <BuildActionEntry
            buildForTesting = "YES"
            buildForRunning = "NO"
            buildForProfiling = "NO"
            buildForArchiving = "NO"
            buildForAnalyzing = "NO">
            <BuildableReference
               BuildableIdentifier = "primary"
               BlueprintIdentifier = "039350D04D5DC5574F78FB7F"
               BuildableName = "UniSpaceInfrastructureTests.xctest"
               BlueprintName = "UniSpaceInfrastructureTests"
               ReferencedContainer = "container:UniSpace.xcodeproj">
            </BuildableReference>
         </BuildActionEntry>
         <BuildActionEntry
            buildForTesting = "NO"
            buildForRunning = "NO"
            buildForProfiling = "NO"
            buildForArchiving = "NO"
            buildForAnalyzing = "NO">
            <BuildableReference
               BuildableIdentifier = "primary"
               BlueprintIdentifier = "19B467C699F71C22D5905471"
               BuildableName = "UniSpaceSimulation"
               BlueprintName = "UniSpaceSimulation"
               ReferencedContainer = "container:UniSpace.xcodeproj">
            </BuildableReference>
         </BuildActionEntry>
         <BuildActionEntry
            buildForTesting = "YES"
            buildForRunning = "NO"
            buildForProfiling = "NO"
            buildForArchiving = "NO"
            buildForAnalyzing = "NO">
            <BuildableReference
               BuildableIdentifier = "primary"
               BlueprintIdentifier = "969D7FDA0C4BE31A20EA278E"
               BuildableName = "UniSpaceUITests.xctest"
               BlueprintName = "UniSpaceUITests"
               ReferencedContainer = "container:UniSpace.xcodeproj">
            </BuildableReference>
         </BuildActionEntry>
      </BuildActionEntries>
   </BuildAction>
   <TestAction
      buildConfiguration = "Debug"
      selectedDebuggerIdentifier = "Xcode.DebuggerFoundation.Debugger.LLDB"
      selectedLauncherIdentifier = "Xcode.DebuggerFoundation.Launcher.LLDB"
      shouldUseLaunchSchemeArgsEnv = "YES"
      codeCoverageEnabled = "YES"
      onlyGenerateCoverageForSpecifiedTargets = "NO">
      <MacroExpansion>
         <BuildableReference
            BuildableIdentifier = "primary"
            BlueprintIdentifier = "5697EA5FCA26B026A93C1E2B"
            BuildableName = "UniSpace.app"
            BlueprintName = "UniSpace"
            ReferencedContainer = "container:UniSpace.xcodeproj">
         </BuildableReference>
      </MacroExpansion>
      <Testables>
         <TestableReference
            skipped = "NO"
            parallelizable = "NO">
            <BuildableReference
               BuildableIdentifier = "primary"
               BlueprintIdentifier = "4404EE2F0EF89BE0132AA1DC"
               BuildableName = "UniSpaceDomainTests.xctest"
               BlueprintName = "UniSpaceDomainTests"
               ReferencedContainer = "container:UniSpace.xcodeproj">
            </BuildableReference>
         </TestableReference>
         <TestableReference
            skipped = "NO"
            parallelizable = "NO">
            <BuildableReference
               BuildableIdentifier = "primary"
               BlueprintIdentifier = "6BAE33DC4609458DCD50753E"
               BuildableName = "UniSpaceApplicationTests.xctest"
               BlueprintName = "UniSpaceApplicationTests"
               ReferencedContainer = "container:UniSpace.xcodeproj">
            </BuildableReference>
         </TestableReference>
         <TestableReference
            skipped = "NO"
            parallelizable = "NO">
            <BuildableReference
               BuildableIdentifier = "primary"
               BlueprintIdentifier = "039350D04D5DC5574F78FB7F"
               BuildableName = "UniSpaceInfrastructureTests.xctest"
               BlueprintName = "UniSpaceInfrastructureTests"
               ReferencedContainer = "container:UniSpace.xcodeproj">
            </BuildableReference>
         </TestableReference>
         <TestableReference
            skipped = "NO"
            parallelizable = "NO">
            <BuildableReference
               BuildableIdentifier = "primary"
               BlueprintIdentifier = "969D7FDA0C4BE31A20EA278E"
               BuildableName = "UniSpaceUITests.xctest"
               BlueprintName = "UniSpaceUITests"
               ReferencedContainer = "container:UniSpace.xcodeproj">
            </BuildableReference>
         </TestableReference>
      </Testables>
      <CommandLineArguments>
      </CommandLineArguments>
   </TestAction>
   <LaunchAction
      buildConfiguration = "Debug"
      selectedDebuggerIdentifier = "Xcode.DebuggerFoundation.Debugger.LLDB"
      selectedLauncherIdentifier = "Xcode.DebuggerFoundation.Launcher.LLDB"
      launchStyle = "0"
      useCustomWorkingDirectory = "NO"
      ignoresPersistentStateOnLaunch = "NO"
      debugDocumentVersioning = "YES"
      debugServiceExtension = "internal"
      allowLocationSimulation = "YES">
      <BuildableProductRunnable
         runnableDebuggingMode = "0">
         <BuildableReference
            BuildableIdentifier = "primary"
            BlueprintIdentifier = "5697EA5FCA26B026A93C1E2B"
            BuildableName = "UniSpace.app"
            BlueprintName = "UniSpace"
            ReferencedContainer = "container:UniSpace.xcodeproj">
         </BuildableReference>
      </BuildableProductRunnable>
   </LaunchAction>
   <ProfileAction
      buildConfiguration = "Release"
      shouldUseLaunchSchemeArgsEnv = "YES"
      savedToolIdentifier = ""
      useCustomWorkingDirectory = "NO"
      debugDocumentVersioning = "YES">
      <BuildableProductRunnable
         runnableDebuggingMode = "0">
         <BuildableReference
            BuildableIdentifier = "primary"
            BlueprintIdentifier = "5697EA5FCA26B026A93C1E2B"
            BuildableName = "UniSpace.app"
            BlueprintName = "UniSpace"
            ReferencedContainer = "container:UniSpace.xcodeproj">
         </BuildableReference>
      </BuildableProductRunnable>
   </ProfileAction>
   <AnalyzeAction
      buildConfiguration = "Debug">
   </AnalyzeAction>
   <ArchiveAction
      buildConfiguration = "Release"
      revealArchiveInOrganizer = "YES">
   </ArchiveAction>
</Scheme>
